
Microsoft Visual Studio Solution File, Format Version 12.00
# Visual Studio Version 17
VisualStudioVersion = 17.9.34321.82
MinimumVisualStudioVersion = 10.0.40219.1
Project("{2150E333-8FDC-42A3-9474-1A3956D46DE8}") = "src", "src", "{936F5599-5943-4F5C-ABBA-48EA8499D3DF}"
EndProject
Project("{FAE04EC0-301F-11D3-BF4B-00C04F79EFBC}") = "KolisSender.Core.Domain", "KolisSender.Core.Domain\KolisSender.Core.Domain.csproj", "{D1F897E3-3DC7-4ADA-8B09-28EB3665CA44}"
EndProject
Global
	GlobalSection(SolutionConfigurationPlatforms) = preSolution
		Debug|Any CPU = Debug|Any CPU
		Release|Any CPU = Release|Any CPU
	EndGlobalSection
	GlobalSection(ProjectConfigurationPlatforms) = postSolution
		{D1F897E3-3DC7-4ADA-8B09-28EB3665CA44}.Debug|Any CPU.ActiveCfg = Debug|Any CPU
		{D1F897E3-3DC7-4ADA-8B09-28EB3665CA44}.Debug|Any CPU.Build.0 = Debug|Any CPU
		{D1F897E3-3DC7-4ADA-8B09-28EB3665CA44}.Release|Any CPU.ActiveCfg = Release|Any CPU
		{D1F897E3-3DC7-4ADA-8B09-28EB3665CA44}.Release|Any CPU.Build.0 = Release|Any CPU
	EndGlobalSection
	GlobalSection(SolutionProperties) = preSolution
		HideSolutionNode = FALSE
	EndGlobalSection
	GlobalSection(NestedProjects) = preSolution
		{D1F897E3-3DC7-4ADA-8B09-28EB3665CA44} = {936F5599-5943-4F5C-ABBA-48EA8499D3DF}
	EndGlobalSection
	GlobalSection(ExtensibilityGlobals) = postSolution
		SolutionGuid = {FA4F50E8-854C-4524-AC9C-C77A4DD79A53}
	EndGlobalSection
EndGlobal
